// !$*UTF8*$!
{
	archiveVersion = 1;
	classes = {
	};
	objectVersion = 48;
	objects = {

/* Begin PBXBuildFile section */
		674496E41FAAFCF900F14226 /* TabBarViewCell.swift in Sources */ = {isa = PBXBuildFile; fileRef = 674496E31FAAFCF900F14226 /* TabBarViewCell.swift */; };
		674496E61FAAFD1700F14226 /* YouTubeTabBar.swift in Sources */ = {isa = PBXBuildFile; fileRef = 674496E51FAAFD1700F14226 /* YouTubeTabBar.swift */; };
		674496E91FAAFD5200F14226 /* UIImage+alpha.swift in Sources */ = {isa = PBXBuildFile; fileRef = 674496E81FAAFD5200F14226 /* UIImage+alpha.swift */; };
		674496EB1FAAFD7700F14226 /* EdgeInsetLabel.swift in Sources */ = {isa = PBXBuildFile; fileRef = 674496EA1FAAFD7700F14226 /* EdgeInsetLabel.swift */; };
		674496ED1FAAFDA000F14226 /* VideoCell.swift in Sources */ = {isa = PBXBuildFile; fileRef = 674496EC1FAAFDA000F14226 /* VideoCell.swift */; };
		674496EF1FAB2B2B00F14226 /* VideoView.swift in Sources */ = {isa = PBXBuildFile; fileRef = 674496EE1FAB2B2B00F14226 /* VideoView.swift */; };
		67CD40B51FA9A78F00379626 /* AppDelegate.swift in Sources */ = {isa = PBXBuildFile; fileRef = 67CD40B41FA9A78F00379626 /* AppDelegate.swift */; };
		67CD40B71FA9A78F00379626 /* HomeViewController.swift in Sources */ = {isa = PBXBuildFile; fileRef = 67CD40B61FA9A78F00379626 /* HomeViewController.swift */; };
		67CD40BF1FA9A78F00379626 /* LaunchScreen.storyboard in Resources */ = {isa = PBXBuildFile; fileRef = 67CD40BD1FA9A78F00379626 /* LaunchScreen.storyboard */; };
		67CD40CA1FA9A78F00379626 /* YouTube_cloneTests.swift in Sources */ = {isa = PBXBuildFile; fileRef = 67CD40C91FA9A78F00379626 /* YouTube_cloneTests.swift */; };
		67CD40D51FA9A78F00379626 /* YouTube_cloneUITests.swift in Sources */ = {isa = PBXBuildFile; fileRef = 67CD40D41FA9A78F00379626 /* YouTube_cloneUITests.swift */; };
		67CD40E51FA9C11800379626 /* Assets.xcassets in Resources */ = {isa = PBXBuildFile; fileRef = 67CD40E41FA9C11800379626 /* Assets.xcassets */; };
/* End PBXBuildFile section */

/* Begin PBXContainerItemProxy section */
		67CD40C61FA9A78F00379626 /* PBXContainerItemProxy */ = {
			isa = PBXContainerItemProxy;
			containerPortal = 67CD40A91FA9A78E00379626 /* Project object */;
			proxyType = 1;
			remoteGlobalIDString = 67CD40B01FA9A78E00379626;
			remoteInfo = "YouTube clone";
		};
		67CD40D11FA9A78F00379626 /* PBXContainerItemProxy */ = {
			isa = PBXContainerItemProxy;
			containerPortal = 67CD40A91FA9A78E00379626 /* Project object */;
			proxyType = 1;
			remoteGlobalIDString = 67CD40B01FA9A78E00379626;
			remoteInfo = "YouTube clone";
		};
/* End PBXContainerItemProxy section */

/* Begin PBXFileReference section */
		674496E31FAAFCF900F14226 /* TabBarViewCell.swift */ = {isa = PBXFileReference; lastKnownFileType = sourcecode.swift; path = TabBarViewCell.swift; sourceTree = "<group>"; };
		674496E51FAAFD1700F14226 /* YouTubeTabBar.swift */ = {isa = PBXFileReference; lastKnownFileType = sourcecode.swift; path = YouTubeTabBar.swift; sourceTree = "<group>"; };
		674496E81FAAFD5200F14226 /* UIImage+alpha.swift */ = {isa = PBXFileReference; lastKnownFileType = sourcecode.swift; path = "UIImage+alpha.swift"; sourceTree = "<group>"; };
		674496EA1FAAFD7700F14226 /* EdgeInsetLabel.swift */ = {isa = PBXFileReference; lastKnownFileType = sourcecode.swift; path = EdgeInsetLabel.swift; sourceTree = "<group>"; };
		674496EC1FAAFDA000F14226 /* VideoCell.swift */ = {isa = PBXFileReference; lastKnownFileType = sourcecode.swift; path = VideoCell.swift; sourceTree = "<group>"; };
		674496EE1FAB2B2B00F14226 /* VideoView.swift */ = {isa = PBXFileReference; lastKnownFileType = sourcecode.swift; path = VideoView.swift; sourceTree = "<group>"; };
		67CD40B11FA9A78E00379626 /* YouTube clone.app */ = {isa = PBXFileReference; explicitFileType = wrapper.application; includeInIndex = 0; path = "YouTube clone.app"; sourceTree = BUILT_PRODUCTS_DIR; };
		67CD40B41FA9A78F00379626 /* AppDelegate.swift */ = {isa = PBXFileReference; lastKnownFileType = sourcecode.swift; path = AppDelegate.swift; sourceTree = "<group>"; };
		67CD40B61FA9A78F00379626 /* HomeViewController.swift */ = {isa = PBXFileReference; lastKnownFileType = sourcecode.swift; path = HomeViewController.swift; sourceTree = "<group>"; };
		67CD40BE1FA9A78F00379626 /* Base */ = {isa = PBXFileReference; lastKnownFileType = file.storyboard; name = Base; path = Base.lproj/LaunchScreen.storyboard; sourceTree = "<group>"; };
		67CD40C01FA9A78F00379626 /* Info.plist */ = {isa = PBXFileReference; lastKnownFileType = text.plist.xml; path = Info.plist; sourceTree = "<group>"; };
		67CD40C51FA9A78F00379626 /* YouTube cloneTests.xctest */ = {isa = PBXFileReference; explicitFileType = wrapper.cfbundle; includeInIndex = 0; path = "YouTube cloneTests.xctest"; sourceTree = BUILT_PRODUCTS_DIR; };
		67CD40C91FA9A78F00379626 /* YouTube_cloneTests.swift */ = {isa = PBXFileReference; lastKnownFileType = sourcecode.swift; path = YouTube_cloneTests.swift; sourceTree = "<group>"; };
		67CD40CB1FA9A78F00379626 /* Info.plist */ = {isa = PBXFileReference; lastKnownFileType = text.plist.xml; path = Info.plist; sourceTree = "<group>"; };
		67CD40D01FA9A78F00379626 /* YouTube cloneUITests.xctest */ = {isa = PBXFileReference; explicitFileType = wrapper.cfbundle; includeInIndex = 0; path = "YouTube cloneUITests.xctest"; sourceTree = BUILT_PRODUCTS_DIR; };
		67CD40D41FA9A78F00379626 /* YouTube_cloneUITests.swift */ = {isa = PBXFileReference; lastKnownFileType = sourcecode.swift; path = YouTube_cloneUITests.swift; sourceTree = "<group>"; };
		67CD40D61FA9A78F00379626 /* Info.plist */ = {isa = PBXFileReference; lastKnownFileType = text.plist.xml; path = Info.plist; sourceTree = "<group>"; };
		67CD40E41FA9C11800379626 /* Assets.xcassets */ = {isa = PBXFileReference; lastKnownFileType = folder.assetcatalog; name = Assets.xcassets; path = ../../../.Trash/Assets.xcassets; sourceTree = "<group>"; };
/* End PBXFileReference section */

/* Begin PBXFrameworksBuildPhase section */
		67CD40AE1FA9A78E00379626 /* Frameworks */ = {
			isa = PBXFrameworksBuildPhase;
			buildActionMask = 2147483647;
			files = (
			);
			runOnlyForDeploymentPostprocessing = 0;
		};
		67CD40C21FA9A78F00379626 /* Frameworks */ = {
			isa = PBXFrameworksBuildPhase;
			buildActionMask = 2147483647;
			files = (
			);
			runOnlyForDeploymentPostprocessing = 0;
		};
		67CD40CD1FA9A78F00379626 /* Frameworks */ = {
			isa = PBXFrameworksBuildPhase;
			buildActionMask = 2147483647;
			files = (
			);
			runOnlyForDeploymentPostprocessing = 0;
		};
/* End PBXFrameworksBuildPhase section */

/* Begin PBXGroup section */
		674496E71FAAFD3900F14226 /* Extensions */ = {
			isa = PBXGroup;
			children = (
				674496E81FAAFD5200F14226 /* UIImage+alpha.swift */,
			);
			path = Extensions;
			sourceTree = "<group>";
		};
		67CD40A81FA9A78E00379626 = {
			isa = PBXGroup;
			children = (
				67CD40B31FA9A78E00379626 /* YouTube clone */,
				67CD40C81FA9A78F00379626 /* YouTube cloneTests */,
				67CD40D31FA9A78F00379626 /* YouTube cloneUITests */,
				67CD40B21FA9A78E00379626 /* Products */,
			);
			sourceTree = "<group>";
		};
		67CD40B21FA9A78E00379626 /* Products */ = {
			isa = PBXGroup;
			children = (
				67CD40B11FA9A78E00379626 /* YouTube clone.app */,
				67CD40C51FA9A78F00379626 /* YouTube cloneTests.xctest */,
				67CD40D01FA9A78F00379626 /* YouTube cloneUITests.xctest */,
			);
			name = Products;
			sourceTree = "<group>";
		};
		67CD40B31FA9A78E00379626 /* YouTube clone */ = {
			isa = PBXGroup;
			children = (
				67CD40B61FA9A78F00379626 /* HomeViewController.swift */,
				674496E71FAAFD3900F14226 /* Extensions */,
				67CD40E61FAAFBC300379626 /* Views */,
				67CD40B41FA9A78F00379626 /* AppDelegate.swift */,
				67CD40E41FA9C11800379626 /* Assets.xcassets */,
				67CD40BD1FA9A78F00379626 /* LaunchScreen.storyboard */,
				67CD40C01FA9A78F00379626 /* Info.plist */,
			);
			path = "YouTube clone";
			sourceTree = "<group>";
		};
		67CD40C81FA9A78F00379626 /* YouTube cloneTests */ = {
			isa = PBXGroup;
			children = (
				67CD40C91FA9A78F00379626 /* YouTube_cloneTests.swift */,
				67CD40CB1FA9A78F00379626 /* Info.plist */,
			);
			path = "YouTube cloneTests";
			sourceTree = "<group>";
		};
		67CD40D31FA9A78F00379626 /* YouTube cloneUITests */ = {
			isa = PBXGroup;
			children = (
				67CD40D41FA9A78F00379626 /* YouTube_cloneUITests.swift */,
				67CD40D61FA9A78F00379626 /* Info.plist */,
			);
			path = "YouTube cloneUITests";
			sourceTree = "<group>";
		};
		67CD40E61FAAFBC300379626 /* Views */ = {
			isa = PBXGroup;
			children = (
				674496E31FAAFCF900F14226 /* TabBarViewCell.swift */,
				674496E51FAAFD1700F14226 /* YouTubeTabBar.swift */,
				674496EA1FAAFD7700F14226 /* EdgeInsetLabel.swift */,
				674496EC1FAAFDA000F14226 /* VideoCell.swift */,
				674496EE1FAB2B2B00F14226 /* VideoView.swift */,
			);
			path = Views;
			sourceTree = "<group>";
		};
/* End PBXGroup section */

/* Begin PBXNativeTarget section */
		67CD40B01FA9A78E00379626 /* YouTube clone */ = {
			isa = PBXNativeTarget;
			buildConfigurationList = 67CD40D91FA9A78F00379626 /* Build configuration list for PBXNativeTarget "YouTube clone" */;
			buildPhases = (
				67CD40AD1FA9A78E00379626 /* Sources */,
				67CD40AE1FA9A78E00379626 /* Frameworks */,
				67CD40AF1FA9A78E00379626 /* Resources */,
			);
			buildRules = (
			);
			dependencies = (
			);
			name = "YouTube clone";
			productName = "YouTube clone";
			productReference = 67CD40B11FA9A78E00379626 /* YouTube clone.app */;
			productType = "com.apple.product-type.application";
		};
		67CD40C41FA9A78F00379626 /* YouTube cloneTests */ = {
			isa = PBXNativeTarget;
			buildConfigurationList = 67CD40DC1FA9A78F00379626 /* Build configuration list for PBXNativeTarget "YouTube cloneTests" */;
			buildPhases = (
				67CD40C11FA9A78F00379626 /* Sources */,
				67CD40C21FA9A78F00379626 /* Frameworks */,
				67CD40C31FA9A78F00379626 /* Resources */,
			);
			buildRules = (
			);
			dependencies = (
				67CD40C71FA9A78F00379626 /* PBXTargetDependency */,
			);
			name = "YouTube cloneTests";
			productName = "YouTube cloneTests";
			productReference = 67CD40C51FA9A78F00379626 /* YouTube cloneTests.xctest */;
			productType = "com.apple.product-type.bundle.unit-test";
		};
		67CD40CF1FA9A78F00379626 /* YouTube cloneUITests */ = {
			isa = PBXNativeTarget;
			buildConfigurationList = 67CD40DF1FA9A78F00379626 /* Build configuration list for PBXNativeTarget "YouTube cloneUITests" */;
			buildPhases = (
				67CD40CC1FA9A78F00379626 /* Sources */,
				67CD40CD1FA9A78F00379626 /* Frameworks */,
				67CD40CE1FA9A78F00379626 /* Resources */,
			);
			buildRules = (
			);
			dependencies = (
				67CD40D21FA9A78F00379626 /* PBXTargetDependency */,
			);
			name = "YouTube cloneUITests";
			productName = "YouTube cloneUITests";
			productReference = 67CD40D01FA9A78F00379626 /* YouTube cloneUITests.xctest */;
			productType = "com.apple.product-type.bundle.ui-testing";
		};
/* End PBXNativeTarget section */

/* Begin PBXProject section */
		67CD40A91FA9A78E00379626 /* Project object */ = {
			isa = PBXProject;
			attributes = {
				LastSwiftUpdateCheck = 0900;
				LastUpgradeCheck = 0900;
				ORGANIZATIONNAME = "Javad Mammadbeyli";
				TargetAttributes = {
					67CD40B01FA9A78E00379626 = {
						CreatedOnToolsVersion = 9.0.1;
						ProvisioningStyle = Automatic;
					};
					67CD40C41FA9A78F00379626 = {
						CreatedOnToolsVersion = 9.0.1;
						ProvisioningStyle = Automatic;
						TestTargetID = 67CD40B01FA9A78E00379626;
					};
					67CD40CF1FA9A78F00379626 = {
						CreatedOnToolsVersion = 9.0.1;
						ProvisioningStyle = Automatic;
						TestTargetID = 67CD40B01FA9A78E00379626;
					};
				};
			};
			buildConfigurationList = 67CD40AC1FA9A78E00379626 /* Build configuration list for PBXProject "YouTube clone" */;
			compatibilityVersion = "Xcode 8.0";
			developmentRegion = en;
			hasScannedForEncodings = 0;
			knownRegions = (
				en,
				Base,
			);
			mainGroup = 67CD40A81FA9A78E00379626;
			productRefGroup = 67CD40B21FA9A78E00379626 /* Products */;
			projectDirPath = "";
			projectRoot = "";
			targets = (
				67CD40B01FA9A78E00379626 /* YouTube clone */,
				67CD40C41FA9A78F00379626 /* YouTube cloneTests */,
				67CD40CF1FA9A78F00379626 /* YouTube cloneUITests */,
			);
		};
/* End PBXProject section */

/* Begin PBXResourcesBuildPhase section */
		67CD40AF1FA9A78E00379626 /* Resources */ = {
			isa = PBXResourcesBuildPhase;
			buildActionMask = 2147483647;
			files = (
				67CD40E51FA9C11800379626 /* Assets.xcassets in Resources */,
				67CD40BF1FA9A78F00379626 /* LaunchScreen.storyboard in Resources */,
			);
			runOnlyForDeploymentPostprocessing = 0;
		};
		67CD40C31FA9A78F00379626 /* Resources */ = {
			isa = PBXResourcesBuildPhase;
			buildActionMask = 2147483647;
			files = (
			);
			runOnlyForDeploymentPostprocessing = 0;
		};
		67CD40CE1FA9A78F00379626 /* Resources */ = {
			isa = PBXResourcesBuildPhase;
			buildActionMask = 2147483647;
			files = (
			);
			runOnlyForDeploymentPostprocessing = 0;
		};
/* End PBXResourcesBuildPhase section */

/* Begin PBXSourcesBuildPhase section */
		67CD40AD1FA9A78E00379626 /* Sources */ = {
			isa = PBXSourcesBuildPhase;
			buildActionMask = 2147483647;
			files = (
				674496E91FAAFD5200F14226 /* UIImage+alpha.swift in Sources */,
				674496ED1FAAFDA000F14226 /* VideoCell.swift in Sources */,
				674496E41FAAFCF900F14226 /* TabBarViewCell.swift in Sources */,
				67CD40B71FA9A78F00379626 /* HomeViewController.swift in Sources */,
				674496EF1FAB2B2B00F14226 /* VideoView.swift in Sources */,
				674496EB1FAAFD7700F14226 /* EdgeInsetLabel.swift in Sources */,
				67CD40B51FA9A78F00379626 /* AppDelegate.swift in Sources */,
				674496E61FAAFD1700F14226 /* YouTubeTabBar.swift in Sources */,
			);
			runOnlyForDeploymentPostprocessing = 0;
		};
		67CD40C11FA9A78F00379626 /* Sources */ = {
			isa = PBXSourcesBuildPhase;
			buildActionMask = 2147483647;
			files = (
				67CD40CA1FA9A78F00379626 /* YouTube_cloneTests.swift in Sources */,
			);
			runOnlyForDeploymentPostprocessing = 0;
		};
		67CD40CC1FA9A78F00379626 /* Sources */ = {
			isa = PBXSourcesBuildPhase;
			buildActionMask = 2147483647;
			files = (
				67CD40D51FA9A78F00379626 /* YouTube_cloneUITests.swift in Sources */,
			);
			runOnlyForDeploymentPostprocessing = 0;
		};
/* End PBXSourcesBuildPhase section */

/* Begin PBXTargetDependency section */
		67CD40C71FA9A78F00379626 /* PBXTargetDependency */ = {
			isa = PBXTargetDependency;
			target = 67CD40B01FA9A78E00379626 /* YouTube clone */;
			targetProxy = 67CD40C61FA9A78F00379626 /* PBXContainerItemProxy */;
		};
		67CD40D21FA9A78F00379626 /* PBXTargetDependency */ = {
			isa = PBXTargetDependency;
			target = 67CD40B01FA9A78E00379626 /* YouTube clone */;
			targetProxy = 67CD40D11FA9A78F00379626 /* PBXContainerItemProxy */;
		};
/* End PBXTargetDependency section */

/* Begin PBXVariantGroup section */
		67CD40BD1FA9A78F00379626 /* LaunchScreen.storyboard */ = {
			isa = PBXVariantGroup;
			children = (
				67CD40BE1FA9A78F00379626 /* Base */,
			);
			name = LaunchScreen.storyboard;
			sourceTree = "<group>";
		};
/* End PBXVariantGroup section */

/* Begin XCBuildConfiguration section */
		67CD40D71FA9A78F00379626 /* Debug */ = {
			isa = XCBuildConfiguration;
			buildSettings = {
				ALWAYS_SEARCH_USER_PATHS = NO;
				CLANG_ANALYZER_NONNULL = YES;
				CLANG_ANALYZER_NUMBER_OBJECT_CONVERSION = YES_AGGRESSIVE;
				CLANG_CXX_LANGUAGE_STANDARD = "gnu++14";
				CLANG_CXX_LIBRARY = "libc++";
				CLANG_ENABLE_MODULES = YES;
				CLANG_ENABLE_OBJC_ARC = YES;
				CLANG_WARN_BLOCK_CAPTURE_AUTORELEASING = YES;
				CLANG_WARN_BOOL_CONVERSION = YES;
				CLANG_WARN_COMMA = YES;
				CLANG_WARN_CONSTANT_CONVERSION = YES;
				CLANG_WARN_DIRECT_OBJC_ISA_USAGE = YES_ERROR;
				CLANG_WARN_DOCUMENTATION_COMMENTS = YES;
				CLANG_WARN_EMPTY_BODY = YES;
				CLANG_WARN_ENUM_CONVERSION = YES;
				CLANG_WARN_INFINITE_RECURSION = YES;
				CLANG_WARN_INT_CONVERSION = YES;
				CLANG_WARN_NON_LITERAL_NULL_CONVERSION = YES;
				CLANG_WARN_OBJC_LITERAL_CONVERSION = YES;
				CLANG_WARN_OBJC_ROOT_CLASS = YES_ERROR;
				CLANG_WARN_RANGE_LOOP_ANALYSIS = YES;
				CLANG_WARN_STRICT_PROTOTYPES = YES;
				CLANG_WARN_SUSPICIOUS_MOVE = YES;
				CLANG_WARN_UNGUARDED_AVAILABILITY = YES_AGGRESSIVE;
				CLANG_WARN_UNREACHABLE_CODE = YES;
				CLANG_WARN__DUPLICATE_METHOD_MATCH = YES;
				CODE_SIGN_IDENTITY = "iPhone Developer";
				COPY_PHASE_STRIP = NO;
				DEBUG_INFORMATION_FORMAT = dwarf;
				ENABLE_STRICT_OBJC_MSGSEND = YES;
				ENABLE_TESTABILITY = YES;
				GCC_C_LANGUAGE_STANDARD = gnu11;
				GCC_DYNAMIC_NO_PIC = NO;
				GCC_NO_COMMON_BLOCKS = YES;
				GCC_OPTIMIZATION_LEVEL = 0;
				GCC_PREPROCESSOR_DEFINITIONS = (
					"DEBUG=1",
					"$(inherited)",
				);
				GCC_WARN_64_TO_32_BIT_CONVERSION = YES;
				GCC_WARN_ABOUT_RETURN_TYPE = YES_ERROR;
				GCC_WARN_UNDECLARED_SELECTOR = YES;
				GCC_WARN_UNINITIALIZED_AUTOS = YES_AGGRESSIVE;
				GCC_WARN_UNUSED_FUNCTION = YES;
				GCC_WARN_UNUSED_VARIABLE = YES;
				IPHONEOS_DEPLOYMENT_TARGET = 11.0;
				MTL_ENABLE_DEBUG_INFO = YES;
				ONLY_ACTIVE_ARCH = YES;
				SDKROOT = iphoneos;
				SWIFT_ACTIVE_COMPILATION_CONDITIONS = DEBUG;
				SWIFT_OPTIMIZATION_LEVEL = "-Onone";
			};
			name = Debug;
		};
		67CD40D81FA9A78F00379626 /* Release */ = {
			isa = XCBuildConfiguration;
			buildSettings = {
				ALWAYS_SEARCH_USER_PATHS = NO;
				CLANG_ANALYZER_NONNULL = YES;
				CLANG_ANALYZER_NUMBER_OBJECT_CONVERSION = YES_AGGRESSIVE;
				CLANG_CXX_LANGUAGE_STANDARD = "gnu++14";
				CLANG_CXX_LIBRARY = "libc++";
				CLANG_ENABLE_MODULES = YES;
				CLANG_ENABLE_OBJC_ARC = YES;
				CLANG_WARN_BLOCK_CAPTURE_AUTORELEASING = YES;
				CLANG_WARN_BOOL_CONVERSION = YES;
				CLANG_WARN_COMMA = YES;
				CLANG_WARN_CONSTANT_CONVERSION = YES;
				CLANG_WARN_DIRECT_OBJC_ISA_USAGE = YES_ERROR;
				CLANG_WARN_DOCUMENTATION_COMMENTS = YES;
				CLANG_WARN_EMPTY_BODY = YES;
				CLANG_WARN_ENUM_CONVERSION = YES;
				CLANG_WARN_INFINITE_RECURSION = YES;
				CLANG_WARN_INT_CONVERSION = YES;
				CLANG_WARN_NON_LITERAL_NULL_CONVERSION = YES;
				CLANG_WARN_OBJC_LITERAL_CONVERSION = YES;
				CLANG_WARN_OBJC_ROOT_CLASS = YES_ERROR;
				CLANG_WARN_RANGE_LOOP_ANALYSIS = YES;
				CLANG_WARN_STRICT_PROTOTYPES = YES;
				CLANG_WARN_SUSPICIOUS_MOVE = YES;
				CLANG_WARN_UNGUARDED_AVAILABILITY = YES_AGGRESSIVE;
				CLANG_WARN_UNREACHABLE_CODE = YES;
				CLANG_WARN__DUPLICATE_METHOD_MATCH = YES;
				CODE_SIGN_IDENTITY = "iPhone Developer";
				COPY_PHASE_STRIP = NO;
				DEBUG_INFORMATION_FORMAT = "dwarf-with-dsym";
				ENABLE_NS_ASSERTIONS = NO;
				ENABLE_STRICT_OBJC_MSGSEND = YES;
				GCC_C_LANGUAGE_STANDARD = gnu11;
				GCC_NO_COMMON_BLOCKS = YES;
				GCC_WARN_64_TO_32_BIT_CONVERSION = YES;
				GCC_WARN_ABOUT_RETURN_TYPE = YES_ERROR;
				GCC_WARN_UNDECLARED_SELECTOR = YES;
				GCC_WARN_UNINITIALIZED_AUTOS = YES_AGGRESSIVE;
				GCC_WARN_UNUSED_FUNCTION = YES;
				GCC_WARN_UNUSED_VARIABLE = YES;
				IPHONEOS_DEPLOYMENT_TARGET = 11.0;
				MTL_ENABLE_DEBUG_INFO = NO;
				SDKROOT = iphoneos;
				SWIFT_OPTIMIZATION_LEVEL = "-Owholemodule";
				VALIDATE_PRODUCT = YES;
			};
			name = Release;
		};
		67CD40DA1FA9A78F00379626 /* Debug */ = {
			isa = XCBuildConfiguration;
			buildSettings = {
				ASSETCATALOG_COMPILER_APPICON_NAME = AppIcon;
				CODE_SIGN_STYLE = Automatic;
				DEVELOPMENT_TEAM = HF45SX3EL4;
				INFOPLIST_FILE = "YouTube clone/Info.plist";
				IPHONEOS_DEPLOYMENT_TARGET = 9.3;
				LD_RUNPATH_SEARCH_PATHS = "$(inherited) @executable_path/Frameworks";
				PRODUCT_BUNDLE_IDENTIFIER = az.bankrespublika.youtube;
				PRODUCT_NAME = "$(TARGET_NAME)";
				SWIFT_VERSION = 4.0;
				TARGETED_DEVICE_FAMILY = "1,2";
			};
			name = Debug;
		};
		67CD40DB1FA9A78F00379626 /* Release */ = {
			isa = XCBuildConfiguration;
			buildSettings = {
				ASSETCATALOG_COMPILER_APPICON_NAME = AppIcon;
				CODE_SIGN_STYLE = Automatic;
				DEVELOPMENT_TEAM = HF45SX3EL4;
				INFOPLIST_FILE = "YouTube clone/Info.plist";
				IPHONEOS_DEPLOYMENT_TARGET = 9.3;
				LD_RUNPATH_SEARCH_PATHS = "$(inherited) @executable_path/Frameworks";
				PRODUCT_BUNDLE_IDENTIFIER = az.bankrespublika.youtube;
				PRODUCT_NAME = "$(TARGET_NAME)";
				SWIFT_VERSION = 4.0;
				TARGETED_DEVICE_FAMILY = "1,2";
			};
			name = Release;
		};
		67CD40DD1FA9A78F00379626 /* Debug */ = {
			isa = XCBuildConfiguration;
			buildSettings = {
				ALWAYS_EMBED_SWIFT_STANDARD_LIBRARIES = YES;
				BUNDLE_LOADER = "$(TEST_HOST)";
				CODE_SIGN_STYLE = Automatic;
				DEVELOPMENT_TEAM = HF45SX3EL4;
				INFOPLIST_FILE = "YouTube cloneTests/Info.plist";
				LD_RUNPATH_SEARCH_PATHS = "$(inherited) @executable_path/Frameworks @loader_path/Frameworks";
				PRODUCT_BUNDLE_IDENTIFIER = "az.bankrespublika.youtube.YouTube-cloneTests";
				PRODUCT_NAME = "$(TARGET_NAME)";
				SWIFT_VERSION = 4.0;
				TARGETED_DEVICE_FAMILY = "1,2";
				TEST_HOST = "$(BUILT_PRODUCTS_DIR)/YouTube clone.app/YouTube clone";
			};
			name = Debug;
		};
		67CD40DE1FA9A78F00379626 /* Release */ = {
			isa = XCBuildConfiguration;
			buildSettings = {
				ALWAYS_EMBED_SWIFT_STANDARD_LIBRARIES = YES;
				BUNDLE_LOADER = "$(TEST_HOST)";
				CODE_SIGN_STYLE = Automatic;
				DEVELOPMENT_TEAM = HF45SX3EL4;
				INFOPLIST_FILE = "YouTube cloneTests/Info.plist";
				LD_RUNPATH_SEARCH_PATHS = "$(inherited) @executable_path/Frameworks @loader_path/Frameworks";
				PRODUCT_BUNDLE_IDENTIFIER = "az.bankrespublika.youtube.YouTube-cloneTests";
				PRODUCT_NAME = "$(TARGET_NAME)";
				SWIFT_VERSION = 4.0;
				TARGETED_DEVICE_FAMILY = "1,2";
				TEST_HOST = "$(BUILT_PRODUCTS_DIR)/YouTube clone.app/YouTube clone";
			};
			name = Release;
		};
		67CD40E01FA9A78F00379626 /* Debug */ = {
			isa = XCBuildConfiguration;
			buildSettings = {
				ALWAYS_EMBED_SWIFT_STANDARD_LIBRARIES = YES;
				CODE_SIGN_STYLE = Automatic;
				DEVELOPMENT_TEAM = HF45SX3EL4;
				INFOPLIST_FILE = "YouTube cloneUITests/Info.plist";
				LD_RUNPATH_SEARCH_PATHS = "$(inherited) @executable_path/Frameworks @loader_path/Frameworks";
				PRODUCT_BUNDLE_IDENTIFIER = "az.bankrespublika.youtube.YouTube-cloneUITests";
				PRODUCT_NAME = "$(TARGET_NAME)";
				SWIFT_VERSION = 4.0;
				TARGETED_DEVICE_FAMILY = "1,2";
				TEST_TARGET_NAME = "YouTube clone";
			};
			name = Debug;
		};
		67CD40E11FA9A78F00379626 /* Release */ = {
			isa = XCBuildConfiguration;
			buildSettings = {
				ALWAYS_EMBED_SWIFT_STANDARD_LIBRARIES = YES;
				CODE_SIGN_STYLE = Automatic;
				DEVELOPMENT_TEAM = HF45SX3EL4;
				INFOPLIST_FILE = "YouTube cloneUITests/Info.plist";
				LD_RUNPATH_SEARCH_PATHS = "$(inherited) @executable_path/Frameworks @loader_path/Frameworks";
				PRODUCT_BUNDLE_IDENTIFIER = "az.bankrespublika.youtube.YouTube-cloneUITests";
				PRODUCT_NAME = "$(TARGET_NAME)";
				SWIFT_VERSION = 4.0;
				TARGETED_DEVICE_FAMILY = "1,2";
				TEST_TARGET_NAME = "YouTube clone";
			};
			name = Release;
		};
/* End XCBuildConfiguration section */

/* Begin XCConfigurationList section */
		67CD40AC1FA9A78E00379626 /* Build configuration list for PBXProject "YouTube clone" */ = {
			isa = XCConfigurationList;
			buildConfigurations = (
				67CD40D71FA9A78F00379626 /* Debug */,
				67CD40D81FA9A78F00379626 /* Release */,
			);
			defaultConfigurationIsVisible = 0;
			defaultConfigurationName = Release;
		};
		67CD40D91FA9A78F00379626 /* Build configuration list for PBXNativeTarget "YouTube clone" */ = {
			isa = XCConfigurationList;
			buildConfigurations = (
				67CD40DA1FA9A78F00379626 /* Debug */,
				67CD40DB1FA9A78F00379626 /* Release */,
			);
			defaultConfigurationIsVisible = 0;
			defaultConfigurationName = Release;
		};
		67CD40DC1FA9A78F00379626 /* Build configuration list for PBXNativeTarget "YouTube cloneTests" */ = {
			isa = XCConfigurationList;
			buildConfigurations = (
				67CD40DD1FA9A78F00379626 /* Debug */,
				67CD40DE1FA9A78F00379626 /* Release */,
			);
			defaultConfigurationIsVisible = 0;
			defaultConfigurationName = Release;
		};
		67CD40DF1FA9A78F00379626 /* Build configuration list for PBXNativeTarget "YouTube cloneUITests" */ = {
			isa = XCConfigurationList;
			buildConfigurations = (
				67CD40E01FA9A78F00379626 /* Debug */,
				67CD40E11FA9A78F00379626 /* Release */,
			);
			defaultConfigurationIsVisible = 0;
			defaultConfigurationName = Release;
		};
/* End XCConfigurationList section */
	};
	rootObject = 67CD40A91FA9A78E00379626 /* Project object */;
}
